
Microsoft Visual Studio Solution File, Format Version 12.00
# Visual Studio Version 17
VisualStudioVersion = 17.0.31903.59
MinimumVisualStudioVersion = 10.0.40219.1
Project("{FAE04EC0-301F-11D3-BF4B-00C04F79EFBC}") = "forgery-manager", "forgery-manager\forgery-manager.csproj", "{F6F1A0D8-7102-4019-9E60-D77E25435655}"
EndProject
Project("{FAE04EC0-301F-11D3-BF4B-00C04F79EFBC}") = "UndertaleModLib", "UndertaleModLib\UndertaleModLib.csproj", "{469A30F6-74D6-4042-A30F-3E79B07DE923}"
EndProject
Project("{FAE04EC0-301F-11D3-BF4B-00C04F79EFBC}") = "Underanalyzer", "Underanalyzer\Underanalyzer.csproj", "{5CEFA332-AB19-4740-9528-218EC7AE34EA}"
EndProject
Global
	GlobalSection(SolutionConfigurationPlatforms) = preSolution
		Debug|Any CPU = Debug|Any CPU
		Release|Any CPU = Release|Any CPU
	EndGlobalSection
	GlobalSection(SolutionProperties) = preSolution
		HideSolutionNode = FALSE
	EndGlobalSection
	GlobalSection(ProjectConfigurationPlatforms) = postSolution
		{F6F1A0D8-7102-4019-9E60-D77E25435655}.Debug|Any CPU.ActiveCfg = Debug|Any CPU
		{F6F1A0D8-7102-4019-9E60-D77E25435655}.Debug|Any CPU.Build.0 = Debug|Any CPU
		{F6F1A0D8-7102-4019-9E60-D77E25435655}.Release|Any CPU.ActiveCfg = Release|Any CPU
		{F6F1A0D8-7102-4019-9E60-D77E25435655}.Release|Any CPU.Build.0 = Release|Any CPU
		{469A30F6-74D6-4042-A30F-3E79B07DE923}.Debug|Any CPU.ActiveCfg = Debug|Any CPU
		{469A30F6-74D6-4042-A30F-3E79B07DE923}.Debug|Any CPU.Build.0 = Debug|Any CPU
		{469A30F6-74D6-4042-A30F-3E79B07DE923}.Release|Any CPU.ActiveCfg = Release|Any CPU
		{469A30F6-74D6-4042-A30F-3E79B07DE923}.Release|Any CPU.Build.0 = Release|Any CPU
		{5CEFA332-AB19-4740-9528-218EC7AE34EA}.Debug|Any CPU.ActiveCfg = Debug|Any CPU
		{5CEFA332-AB19-4740-9528-218EC7AE34EA}.Debug|Any CPU.Build.0 = Debug|Any CPU
		{5CEFA332-AB19-4740-9528-218EC7AE34EA}.Release|Any CPU.ActiveCfg = Release|Any CPU
		{5CEFA332-AB19-4740-9528-218EC7AE34EA}.Release|Any CPU.Build.0 = Release|Any CPU
	EndGlobalSection
EndGlobal
